
Microsoft Visual Studio Solution File, Format Version 12.00
# Visual Studio 15
VisualStudioVersion = 15.0.26730.12
MinimumVisualStudioVersion = 10.0.40219.1
Project("{FAE04EC0-301F-11D3-BF4B-00C04F79EFBC}") = "events.tac.local", "events.tac.local\events.tac.local.csproj", "{865BDC4F-AC84-48FF-B651-899E15A6B4FB}"
EndProject
Project("{FAE04EC0-301F-11D3-BF4B-00C04F79EFBC}") = "events.tac.local.Tests", "events.tac.local.Tests\events.tac.local.Tests.csproj", "{79FCF46B-903A-45DB-B383-4395B5E1AACB}"
EndProject
Global
	GlobalSection(SolutionConfigurationPlatforms) = preSolution
		Debug|Any CPU = Debug|Any CPU
		Release|Any CPU = Release|Any CPU
	EndGlobalSection
	GlobalSection(ProjectConfigurationPlatforms) = postSolution
		{865BDC4F-AC84-48FF-B651-899E15A6B4FB}.Debug|Any CPU.ActiveCfg = Debug|Any CPU
		{865BDC4F-AC84-48FF-B651-899E15A6B4FB}.Debug|Any CPU.Build.0 = Debug|Any CPU
		{865BDC4F-AC84-48FF-B651-899E15A6B4FB}.Release|Any CPU.ActiveCfg = Release|Any CPU
		{865BDC4F-AC84-48FF-B651-899E15A6B4FB}.Release|Any CPU.Build.0 = Release|Any CPU
		{79FCF46B-903A-45DB-B383-4395B5E1AACB}.Debug|Any CPU.ActiveCfg = Debug|Any CPU
		{79FCF46B-903A-45DB-B383-4395B5E1AACB}.Debug|Any CPU.Build.0 = Debug|Any CPU
		{79FCF46B-903A-45DB-B383-4395B5E1AACB}.Release|Any CPU.ActiveCfg = Release|Any CPU
		{79FCF46B-903A-45DB-B383-4395B5E1AACB}.Release|Any CPU.Build.0 = Release|Any CPU
	EndGlobalSection
	GlobalSection(SolutionProperties) = preSolution
		HideSolutionNode = FALSE
	EndGlobalSection
	GlobalSection(ExtensibilityGlobals) = postSolution
		SolutionGuid = {5E23D35D-6BA5-4742-905B-B6730402D41A}
	EndGlobalSection
EndGlobal
